
Microsoft Visual Studio Solution File, Format Version 12.00
# Visual Studio Version 17
VisualStudioVersion = 17.4.33103.184
MinimumVisualStudioVersion = 10.0.40219.1
Project("{FAE04EC0-301F-11D3-BF4B-00C04F79EFBC}") = "NetCore6APIMySQL", "ProyectoFinalCars\NetCore6APIMySQL.csproj", "{2D6EA1FF-AED6-4C23-90AF-1F3D53C901CF}"
EndProject
Project("{FAE04EC0-301F-11D3-BF4B-00C04F79EFBC}") = "NetCore6APIMySQL.Data", "NetCore6APIMySQL.Data\NetCore6APIMySQL.Data.csproj", "{729275ED-1FB2-457B-AC31-A3766F951E91}"
EndProject
Project("{FAE04EC0-301F-11D3-BF4B-00C04F79EFBC}") = "NetCore6APIMySQL.Model", "NetCore6APIMySQL.Model\NetCore6APIMySQL.Model.csproj", "{B7A23C95-CD82-4C24-B5F7-49857E8D38B0}"
EndProject
Global
	GlobalSection(SolutionConfigurationPlatforms) = preSolution
		Debug|Any CPU = Debug|Any CPU
		Release|Any CPU = Release|Any CPU
	EndGlobalSection
	GlobalSection(ProjectConfigurationPlatforms) = postSolution
		{2D6EA1FF-AED6-4C23-90AF-1F3D53C901CF}.Debug|Any CPU.ActiveCfg = Debug|Any CPU
		{2D6EA1FF-AED6-4C23-90AF-1F3D53C901CF}.Debug|Any CPU.Build.0 = Debug|Any CPU
		{2D6EA1FF-AED6-4C23-90AF-1F3D53C901CF}.Release|Any CPU.ActiveCfg = Release|Any CPU
		{2D6EA1FF-AED6-4C23-90AF-1F3D53C901CF}.Release|Any CPU.Build.0 = Release|Any CPU
		{729275ED-1FB2-457B-AC31-A3766F951E91}.Debug|Any CPU.ActiveCfg = Debug|Any CPU
		{729275ED-1FB2-457B-AC31-A3766F951E91}.Debug|Any CPU.Build.0 = Debug|Any CPU
		{729275ED-1FB2-457B-AC31-A3766F951E91}.Release|Any CPU.ActiveCfg = Release|Any CPU
		{729275ED-1FB2-457B-AC31-A3766F951E91}.Release|Any CPU.Build.0 = Release|Any CPU
		{B7A23C95-CD82-4C24-B5F7-49857E8D38B0}.Debug|Any CPU.ActiveCfg = Debug|Any CPU
		{B7A23C95-CD82-4C24-B5F7-49857E8D38B0}.Debug|Any CPU.Build.0 = Debug|Any CPU
		{B7A23C95-CD82-4C24-B5F7-49857E8D38B0}.Release|Any CPU.ActiveCfg = Release|Any CPU
		{B7A23C95-CD82-4C24-B5F7-49857E8D38B0}.Release|Any CPU.Build.0 = Release|Any CPU
	EndGlobalSection
	GlobalSection(SolutionProperties) = preSolution
		HideSolutionNode = FALSE
	EndGlobalSection
	GlobalSection(ExtensibilityGlobals) = postSolution
		SolutionGuid = {08FDC485-AEBF-4470-81AA-805C58B8EAB2}
	EndGlobalSection
EndGlobal
